
Microsoft Visual Studio Solution File, Format Version 11.00
# Visual Studio 2010
Project("{FAE04EC0-301F-11D3-BF4B-00C04F79EFBC}") = "DBNanalysis", "DBNanalysis.csproj", "{67903E01-58A7-4754-BF53-FAB14CDA3280}"
EndProject
Global
	GlobalSection(SolutionConfigurationPlatforms) = preSolution
		Debug|x86 = Debug|x86
		Release|x86 = Release|x86
	EndGlobalSection
	GlobalSection(ProjectConfigurationPlatforms) = postSolution
		{67903E01-58A7-4754-BF53-FAB14CDA3280}.Debug|x86.ActiveCfg = Release|x86
		{67903E01-58A7-4754-BF53-FAB14CDA3280}.Debug|x86.Build.0 = Release|x86
		{67903E01-58A7-4754-BF53-FAB14CDA3280}.Release|x86.ActiveCfg = Release|x86
		{67903E01-58A7-4754-BF53-FAB14CDA3280}.Release|x86.Build.0 = Release|x86
	EndGlobalSection
	GlobalSection(SolutionProperties) = preSolution
		HideSolutionNode = FALSE
	EndGlobalSection
EndGlobal
